
Microsoft Visual Studio Solution File, Format Version 12.00
# Visual Studio Version 16
VisualStudioVersion = 16.0.28803.352
MinimumVisualStudioVersion = 10.0.40219.1
Project("{FAE04EC0-301F-11D3-BF4B-00C04F79EFBC}") = "wfa2", "wfa2\wfa2.csproj", "{B6CBF364-C602-4346-801F-F6794EAF45DD}"
EndProject
Global
	GlobalSection(SolutionConfigurationPlatforms) = preSolution
		Debug|Any CPU = Debug|Any CPU
		Release|Any CPU = Release|Any CPU
	EndGlobalSection
	GlobalSection(ProjectConfigurationPlatforms) = postSolution
		{B6CBF364-C602-4346-801F-F6794EAF45DD}.Debug|Any CPU.ActiveCfg = Debug|Any CPU
		{B6CBF364-C602-4346-801F-F6794EAF45DD}.Debug|Any CPU.Build.0 = Debug|Any CPU
		{B6CBF364-C602-4346-801F-F6794EAF45DD}.Release|Any CPU.ActiveCfg = Release|Any CPU
		{B6CBF364-C602-4346-801F-F6794EAF45DD}.Release|Any CPU.Build.0 = Release|Any CPU
	EndGlobalSection
	GlobalSection(SolutionProperties) = preSolution
		HideSolutionNode = FALSE
	EndGlobalSection
	GlobalSection(ExtensibilityGlobals) = postSolution
		SolutionGuid = {456366DB-4404-4F1D-8322-0654E33B0953}
	EndGlobalSection
EndGlobal
